
Microsoft Visual Studio Solution File, Format Version 12.00
# Visual Studio Version 16
VisualStudioVersion = 16.0.32002.261
MinimumVisualStudioVersion = 10.0.40219.1
Project("{8BC9CEB8-8B4A-11D0-8D11-00A0C91BC942}") = "Prggiris_odev_2_g201210020_hasan_ozgur_dogan", "Prggiris_odev_2_g201210020_hasan_ozgur_dogan\Prggiris_odev_2_g201210020_hasan_ozgur_dogan.vcxproj", "{DA6ACA2C-92C1-46D8-BFEF-36A56B42CFFB}"
EndProject
Global
	GlobalSection(SolutionConfigurationPlatforms) = preSolution
		Debug|x64 = Debug|x64
		Debug|x86 = Debug|x86
		Release|x64 = Release|x64
		Release|x86 = Release|x86
	EndGlobalSection
	GlobalSection(ProjectConfigurationPlatforms) = postSolution
		{DA6ACA2C-92C1-46D8-BFEF-36A56B42CFFB}.Debug|x64.ActiveCfg = Debug|x64
		{DA6ACA2C-92C1-46D8-BFEF-36A56B42CFFB}.Debug|x64.Build.0 = Debug|x64
		{DA6ACA2C-92C1-46D8-BFEF-36A56B42CFFB}.Debug|x86.ActiveCfg = Debug|Win32
		{DA6ACA2C-92C1-46D8-BFEF-36A56B42CFFB}.Debug|x86.Build.0 = Debug|Win32
		{DA6ACA2C-92C1-46D8-BFEF-36A56B42CFFB}.Release|x64.ActiveCfg = Release|x64
		{DA6ACA2C-92C1-46D8-BFEF-36A56B42CFFB}.Release|x64.Build.0 = Release|x64
		{DA6ACA2C-92C1-46D8-BFEF-36A56B42CFFB}.Release|x86.ActiveCfg = Release|Win32
		{DA6ACA2C-92C1-46D8-BFEF-36A56B42CFFB}.Release|x86.Build.0 = Release|Win32
	EndGlobalSection
	GlobalSection(SolutionProperties) = preSolution
		HideSolutionNode = FALSE
	EndGlobalSection
	GlobalSection(ExtensibilityGlobals) = postSolution
		SolutionGuid = {55C0DC1B-2612-42A7-8C45-59F77ACA54AA}
	EndGlobalSection
EndGlobal
